// !$*UTF8*$!
{
	archiveVersion = 1;
	classes = {
	};
	objectVersion = 48;
	objects = {

/* Begin PBXBuildFile section */
		DB68B619200C91B8006ACC04 /* AppDelegate.swift in Sources */ = {isa = PBXBuildFile; fileRef = DB68B618200C91B8006ACC04 /* AppDelegate.swift */; };
		DB68B61B200C91B8006ACC04 /* ViewController.swift in Sources */ = {isa = PBXBuildFile; fileRef = DB68B61A200C91B8006ACC04 /* ViewController.swift */; };
		DB68B61E200C91B8006ACC04 /* Main.storyboard in Resources */ = {isa = PBXBuildFile; fileRef = DB68B61C200C91B8006ACC04 /* Main.storyboard */; };
		DB68B620200C91B8006ACC04 /* Assets.xcassets in Resources */ = {isa = PBXBuildFile; fileRef = DB68B61F200C91B8006ACC04 /* Assets.xcassets */; };
		DB68B623200C91B8006ACC04 /* LaunchScreen.storyboard in Resources */ = {isa = PBXBuildFile; fileRef = DB68B621200C91B8006ACC04 /* LaunchScreen.storyboard */; };
/* End PBXBuildFile section */

/* Begin PBXFileReference section */
		DB68B615200C91B8006ACC04 /* PanGuestureSlideUpView.app */ = {isa = PBXFileReference; explicitFileType = wrapper.application; includeInIndex = 0; path = PanGuestureSlideUpView.app; sourceTree = BUILT_PRODUCTS_DIR; };
		DB68B618200C91B8006ACC04 /* AppDelegate.swift */ = {isa = PBXFileReference; lastKnownFileType = sourcecode.swift; path = AppDelegate.swift; sourceTree = "<group>"; };
		DB68B61A200C91B8006ACC04 /* ViewController.swift */ = {isa = PBXFileReference; lastKnownFileType = sourcecode.swift; path = ViewController.swift; sourceTree = "<group>"; };
		DB68B61D200C91B8006ACC04 /* Base */ = {isa = PBXFileReference; lastKnownFileType = file.storyboard; name = Base; path = Base.lproj/Main.storyboard; sourceTree = "<group>"; };
		DB68B61F200C91B8006ACC04 /* Assets.xcassets */ = {isa = PBXFileReference; lastKnownFileType = folder.assetcatalog; path = Assets.xcassets; sourceTree = "<group>"; };
		DB68B622200C91B8006ACC04 /* Base */ = {isa = PBXFileReference; lastKnownFileType = file.storyboard; name = Base; path = Base.lproj/LaunchScreen.storyboard; sourceTree = "<group>"; };
		DB68B624200C91B8006ACC04 /* Info.plist */ = {isa = PBXFileReference; lastKnownFileType = text.plist.xml; path = Info.plist; sourceTree = "<group>"; };
/* End PBXFileReference section */

/* Begin PBXFrameworksBuildPhase section */
		DB68B612200C91B8006ACC04 /* Frameworks */ = {
			isa = PBXFrameworksBuildPhase;
			buildActionMask = 2147483647;
			files = (
			);
			runOnlyForDeploymentPostprocessing = 0;
		};
/* End PBXFrameworksBuildPhase section */

/* Begin PBXGroup section */
		DB68B60C200C91B8006ACC04 = {
			isa = PBXGroup;
			children = (
				DB68B617200C91B8006ACC04 /* PanGuestureSlideUpView */,
				DB68B616200C91B8006ACC04 /* Products */,
			);
			sourceTree = "<group>";
		};
		DB68B616200C91B8006ACC04 /* Products */ = {
			isa = PBXGroup;
			children = (
				DB68B615200C91B8006ACC04 /* PanGuestureSlideUpView.app */,
			);
			name = Products;
			sourceTree = "<group>";
		};
		DB68B617200C91B8006ACC04 /* PanGuestureSlideUpView */ = {
			isa = PBXGroup;
			children = (
				DB68B618200C91B8006ACC04 /* AppDelegate.swift */,
				DB68B61A200C91B8006ACC04 /* ViewController.swift */,
				DB68B61C200C91B8006ACC04 /* Main.storyboard */,
				DB68B61F200C91B8006ACC04 /* Assets.xcassets */,
				DB68B621200C91B8006ACC04 /* LaunchScreen.storyboard */,
				DB68B624200C91B8006ACC04 /* Info.plist */,
			);
			path = PanGuestureSlideUpView;
			sourceTree = "<group>";
		};
/* End PBXGroup section */

/* Begin PBXNativeTarget section */
		DB68B614200C91B8006ACC04 /* PanGuestureSlideUpView */ = {
			isa = PBXNativeTarget;
			buildConfigurationList = DB68B627200C91B8006ACC04 /* Build configuration list for PBXNativeTarget "PanGuestureSlideUpView" */;
			buildPhases = (
				DB68B611200C91B8006ACC04 /* Sources */,
				DB68B612200C91B8006ACC04 /* Frameworks */,
				DB68B613200C91B8006ACC04 /* Resources */,
			);
			buildRules = (
			);
			dependencies = (
			);
			name = PanGuestureSlideUpView;
			productName = PanGuestureSlideUpView;
			productReference = DB68B615200C91B8006ACC04 /* PanGuestureSlideUpView.app */;
			productType = "com.apple.product-type.application";
		};
/* End PBXNativeTarget section */

/* Begin PBXProject section */
		DB68B60D200C91B8006ACC04 /* Project object */ = {
			isa = PBXProject;
			attributes = {
				LastSwiftUpdateCheck = 0920;
				LastUpgradeCheck = 0920;
				ORGANIZATIONNAME = lancewer;
				TargetAttributes = {
					DB68B614200C91B8006ACC04 = {
						CreatedOnToolsVersion = 9.2;
						ProvisioningStyle = Automatic;
					};
				};
			};
			buildConfigurationList = DB68B610200C91B8006ACC04 /* Build configuration list for PBXProject "PanGuestureSlideUpView" */;
			compatibilityVersion = "Xcode 8.0";
			developmentRegion = en;
			hasScannedForEncodings = 0;
			knownRegions = (
				en,
				Base,
			);
			mainGroup = DB68B60C200C91B8006ACC04;
			productRefGroup = DB68B616200C91B8006ACC04 /* Products */;
			projectDirPath = "";
			projectRoot = "";
			targets = (
				DB68B614200C91B8006ACC04 /* PanGuestureSlideUpView */,
			);
		};
/* End PBXProject section */

/* Begin PBXResourcesBuildPhase section */
		DB68B613200C91B8006ACC04 /* Resources */ = {
			isa = PBXResourcesBuildPhase;
			buildActionMask = 2147483647;
			files = (
				DB68B623200C91B8006ACC04 /* LaunchScreen.storyboard in Resources */,
				DB68B620200C91B8006ACC04 /* Assets.xcassets in Resources */,
				DB68B61E200C91B8006ACC04 /* Main.storyboard in Resources */,
			);
			runOnlyForDeploymentPostprocessing = 0;
		};
/* End PBXResourcesBuildPhase section */

/* Begin PBXSourcesBuildPhase section */
		DB68B611200C91B8006ACC04 /* Sources */ = {
			isa = PBXSourcesBuildPhase;
			buildActionMask = 2147483647;
			files = (
				DB68B61B200C91B8006ACC04 /* ViewController.swift in Sources */,
				DB68B619200C91B8006ACC04 /* AppDelegate.swift in Sources */,
			);
			runOnlyForDeploymentPostprocessing = 0;
		};
/* End PBXSourcesBuildPhase section */

/* Begin PBXVariantGroup section */
		DB68B61C200C91B8006ACC04 /* Main.storyboard */ = {
			isa = PBXVariantGroup;
			children = (
				DB68B61D200C91B8006ACC04 /* Base */,
			);
			name = Main.storyboard;
			sourceTree = "<group>";
		};
		DB68B621200C91B8006ACC04 /* LaunchScreen.storyboard */ = {
			isa = PBXVariantGroup;
			children = (
				DB68B622200C91B8006ACC04 /* Base */,
			);
			name = LaunchScreen.storyboard;
			sourceTree = "<group>";
		};
/* End PBXVariantGroup section */

/* Begin XCBuildConfiguration section */
		DB68B625200C91B8006ACC04 /* Debug */ = {
			isa = XCBuildConfiguration;
			buildSettings = {
				ALWAYS_SEARCH_USER_PATHS = NO;
				CLANG_ANALYZER_NONNULL = YES;
				CLANG_ANALYZER_NUMBER_OBJECT_CONVERSION = YES_AGGRESSIVE;
				CLANG_CXX_LANGUAGE_STANDARD = "gnu++14";
				CLANG_CXX_LIBRARY = "libc++";
				CLANG_ENABLE_MODULES = YES;
				CLANG_ENABLE_OBJC_ARC = YES;
				CLANG_WARN_BLOCK_CAPTURE_AUTORELEASING = YES;
				CLANG_WARN_BOOL_CONVERSION = YES;
				CLANG_WARN_COMMA = YES;
				CLANG_WARN_CONSTANT_CONVERSION = YES;
				CLANG_WARN_DIRECT_OBJC_ISA_USAGE = YES_ERROR;
				CLANG_WARN_DOCUMENTATION_COMMENTS = YES;
				CLANG_WARN_EMPTY_BODY = YES;
				CLANG_WARN_ENUM_CONVERSION = YES;
				CLANG_WARN_INFINITE_RECURSION = YES;
				CLANG_WARN_INT_CONVERSION = YES;
				CLANG_WARN_NON_LITERAL_NULL_CONVERSION = YES;
				CLANG_WARN_OBJC_LITERAL_CONVERSION = YES;
				CLANG_WARN_OBJC_ROOT_CLASS = YES_ERROR;
				CLANG_WARN_RANGE_LOOP_ANALYSIS = YES;
				CLANG_WARN_STRICT_PROTOTYPES = YES;
				CLANG_WARN_SUSPICIOUS_MOVE = YES;
				CLANG_WARN_UNGUARDED_AVAILABILITY = YES_AGGRESSIVE;
				CLANG_WARN_UNREACHABLE_CODE = YES;
				CLANG_WARN__DUPLICATE_METHOD_MATCH = YES;
				CODE_SIGN_IDENTITY = "iPhone Developer";
				COPY_PHASE_STRIP = NO;
				DEBUG_INFORMATION_FORMAT = dwarf;
				ENABLE_STRICT_OBJC_MSGSEND = YES;
				ENABLE_TESTABILITY = YES;
				GCC_C_LANGUAGE_STANDARD = gnu11;
				GCC_DYNAMIC_NO_PIC = NO;
				GCC_NO_COMMON_BLOCKS = YES;
				GCC_OPTIMIZATION_LEVEL = 0;
				GCC_PREPROCESSOR_DEFINITIONS = (
					"DEBUG=1",
					"$(inherited)",
				);
				GCC_WARN_64_TO_32_BIT_CONVERSION = YES;
				GCC_WARN_ABOUT_RETURN_TYPE = YES_ERROR;
				GCC_WARN_UNDECLARED_SELECTOR = YES;
				GCC_WARN_UNINITIALIZED_AUTOS = YES_AGGRESSIVE;
				GCC_WARN_UNUSED_FUNCTION = YES;
				GCC_WARN_UNUSED_VARIABLE = YES;
				IPHONEOS_DEPLOYMENT_TARGET = 11.2;
				MTL_ENABLE_DEBUG_INFO = YES;
				ONLY_ACTIVE_ARCH = YES;
				SDKROOT = iphoneos;
				SWIFT_ACTIVE_COMPILATION_CONDITIONS = DEBUG;
				SWIFT_OPTIMIZATION_LEVEL = "-Onone";
			};
			name = Debug;
		};
		DB68B626200C91B8006ACC04 /* Release */ = {
			isa = XCBuildConfiguration;
			buildSettings = {
				ALWAYS_SEARCH_USER_PATHS = NO;
				CLANG_ANALYZER_NONNULL = YES;
				CLANG_ANALYZER_NUMBER_OBJECT_CONVERSION = YES_AGGRESSIVE;
				CLANG_CXX_LANGUAGE_STANDARD = "gnu++14";
				CLANG_CXX_LIBRARY = "libc++";
				CLANG_ENABLE_MODULES = YES;
				CLANG_ENABLE_OBJC_ARC = YES;
				CLANG_WARN_BLOCK_CAPTURE_AUTORELEASING = YES;
				CLANG_WARN_BOOL_CONVERSION = YES;
				CLANG_WARN_COMMA = YES;
				CLANG_WARN_CONSTANT_CONVERSION = YES;
				CLANG_WARN_DIRECT_OBJC_ISA_USAGE = YES_ERROR;
				CLANG_WARN_DOCUMENTATION_COMMENTS = YES;
				CLANG_WARN_EMPTY_BODY = YES;
				CLANG_WARN_ENUM_CONVERSION = YES;
				CLANG_WARN_INFINITE_RECURSION = YES;
				CLANG_WARN_INT_CONVERSION = YES;
				CLANG_WARN_NON_LITERAL_NULL_CONVERSION = YES;
				CLANG_WARN_OBJC_LITERAL_CONVERSION = YES;
				CLANG_WARN_OBJC_ROOT_CLASS = YES_ERROR;
				CLANG_WARN_RANGE_LOOP_ANALYSIS = YES;
				CLANG_WARN_STRICT_PROTOTYPES = YES;
				CLANG_WARN_SUSPICIOUS_MOVE = YES;
				CLANG_WARN_UNGUARDED_AVAILABILITY = YES_AGGRESSIVE;
				CLANG_WARN_UNREACHABLE_CODE = YES;
				CLANG_WARN__DUPLICATE_METHOD_MATCH = YES;
				CODE_SIGN_IDENTITY = "iPhone Developer";
				COPY_PHASE_STRIP = NO;
				DEBUG_INFORMATION_FORMAT = "dwarf-with-dsym";
				ENABLE_NS_ASSERTIONS = NO;
				ENABLE_STRICT_OBJC_MSGSEND = YES;
				GCC_C_LANGUAGE_STANDARD = gnu11;
				GCC_NO_COMMON_BLOCKS = YES;
				GCC_WARN_64_TO_32_BIT_CONVERSION = YES;
				GCC_WARN_ABOUT_RETURN_TYPE = YES_ERROR;
				GCC_WARN_UNDECLARED_SELECTOR = YES;
				GCC_WARN_UNINITIALIZED_AUTOS = YES_AGGRESSIVE;
				GCC_WARN_UNUSED_FUNCTION = YES;
				GCC_WARN_UNUSED_VARIABLE = YES;
				IPHONEOS_DEPLOYMENT_TARGET = 11.2;
				MTL_ENABLE_DEBUG_INFO = NO;
				SDKROOT = iphoneos;
				SWIFT_OPTIMIZATION_LEVEL = "-Owholemodule";
				VALIDATE_PRODUCT = YES;
			};
			name = Release;
		};
		DB68B628200C91B8006ACC04 /* Debug */ = {
			isa = XCBuildConfiguration;
			buildSettings = {
				ASSETCATALOG_COMPILER_APPICON_NAME = AppIcon;
				CODE_SIGN_STYLE = Automatic;
				INFOPLIST_FILE = PanGuestureSlideUpView/Info.plist;
				LD_RUNPATH_SEARCH_PATHS = "$(inherited) @executable_path/Frameworks";
				PRODUCT_BUNDLE_IDENTIFIER = com.lancewer.PanGuestureSlideUpView;
				PRODUCT_NAME = "$(TARGET_NAME)";
				SWIFT_VERSION = 4.0;
				TARGETED_DEVICE_FAMILY = "1,2";
			};
			name = Debug;
		};
		DB68B629200C91B8006ACC04 /* Release */ = {
			isa = XCBuildConfiguration;
			buildSettings = {
				ASSETCATALOG_COMPILER_APPICON_NAME = AppIcon;
				CODE_SIGN_STYLE = Automatic;
				INFOPLIST_FILE = PanGuestureSlideUpView/Info.plist;
				LD_RUNPATH_SEARCH_PATHS = "$(inherited) @executable_path/Frameworks";
				PRODUCT_BUNDLE_IDENTIFIER = com.lancewer.PanGuestureSlideUpView;
				PRODUCT_NAME = "$(TARGET_NAME)";
				SWIFT_VERSION = 4.0;
				TARGETED_DEVICE_FAMILY = "1,2";
			};
			name = Release;
		};
/* End XCBuildConfiguration section */

/* Begin XCConfigurationList section */
		DB68B610200C91B8006ACC04 /* Build configuration list for PBXProject "PanGuestureSlideUpView" */ = {
			isa = XCConfigurationList;
			buildConfigurations = (
				DB68B625200C91B8006ACC04 /* Debug */,
				DB68B626200C91B8006ACC04 /* Release */,
			);
			defaultConfigurationIsVisible = 0;
			defaultConfigurationName = Release;
		};
		DB68B627200C91B8006ACC04 /* Build configuration list for PBXNativeTarget "PanGuestureSlideUpView" */ = {
			isa = XCConfigurationList;
			buildConfigurations = (
				DB68B628200C91B8006ACC04 /* Debug */,
				DB68B629200C91B8006ACC04 /* Release */,
			);
			defaultConfigurationIsVisible = 0;
			defaultConfigurationName = Release;
		};
/* End XCConfigurationList section */
	};
	rootObject = DB68B60D200C91B8006ACC04 /* Project object */;
}
